{
  "name": "gkm",
  "version": "0.2.0",
  "lockfileVersion": 2,
  "requires": true,
  "packages": {
    "": {
      "name": "gkm",
      "version": "0.2.0",
      "license": "MIT",
      "dependencies": {
        "eventemitter2": "^6.4.9"
      }
    },
    "node_modules/eventemitter2": {
      "version": "6.4.9",
      "resolved": "https://registry.npmjs.org/eventemitter2/-/eventemitter2-6.4.9.tgz",
      "integrity": "sha512-JEPTiaOt9f04oa6NOkc4aH+nVp5I3wEjpHbIPqfgCdD5v5bUzy7xQqwcVO2aDQgOWhI28da57HksMrzK9HlRxg=="
    }
  },
  "dependencies": {
    "eventemitter2": {
      "version": "6.4.9",
      "resolved": "https://registry.npmjs.org/eventemitter2/-/eventemitter2-6.4.9.tgz",
      "integrity": "sha512-JEPTiaOt9f04oa6NOkc4aH+nVp5I3wEjpHbIPqfgCdD5v5bUzy7xQqwcVO2aDQgOWhI28da57HksMrzK9HlRxg=="
    }
  }
}
